Microsoft Visual Studio Solution File, Format Version 12.00
# Visual Studio Version 17
VisualStudioVersion = 17.0.0.0
MinimumVisualStudioVersion = 10.0.40219.1
Project("{9A19103F-16F7-4668-BE54-9A1E7A4F7556}") = "BatteryEms.Domain", "src\hexagon\BatteryEms.Domain\BatteryEms.Domain.csproj", "{208C0CF4-3E8E-4C6F-BE8C-563668873225}"
EndProject
Project("{9A19103F-16F7-4668-BE54-9A1E7A4F7556}") = "BatteryEms.Application", "src\hexagon\BatteryEms.Application\BatteryEms.Application.csproj", "{0FC50393-0F98-42C8-8DC3-8F0DABD6F65F}"
EndProject
Project("{9A19103F-16F7-4668-BE54-9A1E7A4F7556}") = "BatteryEms.Api", "src\adapters\driving\BatteryEms.Api\BatteryEms.Api.csproj", "{8B5DFF4C-5BDE-40D5-A98D-DB97DD1BBA8D}"
EndProject
Project("{9A19103F-16F7-4668-BE54-9A1E7A4F7556}") = "BatteryEms.Worker", "src\adapters\driving\BatteryEms.Worker\BatteryEms.Worker.csproj", "{A7BCC590-AF77-47B9-9C68-6F0A9557F9B2}"
EndProject
Project("{9A19103F-16F7-4668-BE54-9A1E7A4F7556}") = "BatteryEms.Adapters.Modbus", "src\adapters\driven\BatteryEms.Adapters.Modbus\BatteryEms.Adapters.Modbus.csproj", "{DD2DC981-3E80-4273-95E8-C6474A37CE7A}"
EndProject
Project("{9A19103F-16F7-4668-BE54-9A1E7A4F7556}") = "BatteryEms.Adapters.Mqtt", "src\adapters\driven\BatteryEms.Adapters.Mqtt\BatteryEms.Adapters.Mqtt.csproj", "{0DF5BDA6-076B-4E18-AA56-2AC1FB7610FA}"
EndProject
Project("{9A19103F-16F7-4668-BE54-9A1E7A4F7556}") = "BatteryEms.Adapters.Persistence", "src\adapters\driven\BatteryEms.Adapters.Persistence\BatteryEms.Adapters.Persistence.csproj", "{22B0C599-7CE2-4F4E-81A3-FF28BB4DE564}"
EndProject
Project("{9A19103F-16F7-4668-BE54-9A1E7A4F7556}") = "BatteryEms.Adapters.Telemetry", "src\adapters\driven\BatteryEms.Adapters.Telemetry\BatteryEms.Adapters.Telemetry.csproj", "{80B614FF-5A6C-4901-8F62-719426583729}"
EndProject
Project("{9A19103F-16F7-4668-BE54-9A1E7A4F7556}") = "BatteryEms.Adapters.Optimization", "src\adapters\driven\BatteryEms.Adapters.Optimization\BatteryEms.Adapters.Optimization.csproj", "{CFA594F3-07DC-45A8-BEB2-1F5937F10ADC}"
EndProject
Project("{9A19103F-16F7-4668-BE54-9A1E7A4F7556}") = "BatteryEms.Infrastructure", "src\infrastructure\BatteryEms.Infrastructure\BatteryEms.Infrastructure.csproj", "{5164A48D-9956-439E-B309-EA8375CD893C}"
EndProject
Project("{9A19103F-16F7-4668-BE54-9A1E7A4F7556}") = "BatteryEms.ArchitectureTests", "tests\BatteryEms.ArchitectureTests\BatteryEms.ArchitectureTests.csproj", "{21858224-1560-43EB-8A0B-740560C877A0}"
EndProject
Project("{9A19103F-16F7-4668-BE54-9A1E7A4F7556}") = "BatteryEms.Domain.Tests", "tests\hexagon\BatteryEms.Domain.Tests\BatteryEms.Domain.Tests.csproj", "{6B1E2CFF-D97A-4409-9762-804329855447}"
EndProject
Project("{9A19103F-16F7-4668-BE54-9A1E7A4F7556}") = "BatteryEms.Application.Tests", "tests\hexagon\BatteryEms.Application.Tests\BatteryEms.Application.Tests.csproj", "{FF54F392-F70F-4A3F-878D-A63BF28AC961}"
EndProject
Project("{9A19103F-16F7-4668-BE54-9A1E7A4F7556}") = "BatteryEms.Infrastructure.Tests", "tests\infrastructure\BatteryEms.Infrastructure.Tests\BatteryEms.Infrastructure.Tests.csproj", "{2C64C824-A98C-4149-A759-F34B518AA0FC}"
EndProject
Project("{9A19103F-16F7-4668-BE54-9A1E7A4F7556}") = "BatteryEms.Adapters.Modbus.Tests", "tests\adapters\driven\BatteryEms.Adapters.Modbus.Tests\BatteryEms.Adapters.Modbus.Tests.csproj", "{FAC34834-7CD1-4502-80CF-A7988DCC963A}"
EndProject
Project("{9A19103F-16F7-4668-BE54-9A1E7A4F7556}") = "BatteryEms.Modbus.IntegrationTests", "tests\integration\BatteryEms.Modbus.IntegrationTests\BatteryEms.Modbus.IntegrationTests.csproj", "{F0AC90CC-C09E-4EFF-9BAB-5006B2A877D4}"
EndProject
Project("{9A19103F-16F7-4668-BE54-9A1E7A4F7556}") = "BatteryEms.Adapters.Mqtt.Tests", "tests\adapters\driven\BatteryEms.Adapters.Mqtt.Tests\BatteryEms.Adapters.Mqtt.Tests.csproj", "{2CD4042A-502B-4B74-B444-D2ECB9098E5E}"
EndProject
Project("{9A19103F-16F7-4668-BE54-9A1E7A4F7556}") = "BatteryEms.Mqtt.IntegrationTests", "tests\integration\BatteryEms.Mqtt.IntegrationTests\BatteryEms.Mqtt.IntegrationTests.csproj", "{464DB15B-45C9-4207-B771-C1E38CBE912E}"
EndProject
Project("{9A19103F-16F7-4668-BE54-9A1E7A4F7556}") = "BatteryEms.Persistence.IntegrationTests", "tests\integration\BatteryEms.Persistence.IntegrationTests\BatteryEms.Persistence.IntegrationTests.csproj", "{2E8EBFE9-71BC-4FD0-95D1-8119B6B2B719}"
EndProject
Project("{9A19103F-16F7-4668-BE54-9A1E7A4F7556}") = "BatteryEms.Api.Tests", "tests\adapters\driving\BatteryEms.Api.Tests\BatteryEms.Api.Tests.csproj", "{7DE34922-0FCF-4CFA-BF8C-262CA9C887AA}"
EndProject
Project("{9A19103F-16F7-4668-BE54-9A1E7A4F7556}") = "BatteryEms.Adapters.Telemetry.Tests", "tests\adapters\driven\BatteryEms.Adapters.Telemetry.Tests\BatteryEms.Adapters.Telemetry.Tests.csproj", "{B6F19D32-9F7C-4F2B-9D7E-5B3F7B0E9A11}"
EndProject
Project("{9A19103F-16F7-4668-BE54-9A1E7A4F7556}") = "BatteryEms.Host", "src\host\BatteryEms.Host\BatteryEms.Host.csproj", "{C9A8E5B1-4D7E-4F92-A3B6-71F0D8C2A4F3}"
EndProject
Project("{9A19103F-16F7-4668-BE54-9A1E7A4F7556}") = "BatteryEms.Worker.Tests", "tests\adapters\driving\BatteryEms.Worker.Tests\BatteryEms.Worker.Tests.csproj", "{D2B9F4A0-83C5-4E1A-9B7F-A52F4D9B2E81}"
EndProject
Global
	GlobalSection(SolutionConfigurationPlatforms) = preSolution
		Debug|Any CPU = Debug|Any CPU
		Release|Any CPU = Release|Any CPU
	EndGlobalSection
	GlobalSection(ProjectConfigurationPlatforms) = postSolution
		{208C0CF4-3E8E-4C6F-BE8C-563668873225}.Debug|Any CPU.ActiveCfg = Debug|Any CPU
		{208C0CF4-3E8E-4C6F-BE8C-563668873225}.Debug|Any CPU.Build.0 = Debug|Any CPU
		{208C0CF4-3E8E-4C6F-BE8C-563668873225}.Release|Any CPU.ActiveCfg = Release|Any CPU
		{208C0CF4-3E8E-4C6F-BE8C-563668873225}.Release|Any CPU.Build.0 = Release|Any CPU
		{0FC50393-0F98-42C8-8DC3-8F0DABD6F65F}.Debug|Any CPU.ActiveCfg = Debug|Any CPU
		{0FC50393-0F98-42C8-8DC3-8F0DABD6F65F}.Debug|Any CPU.Build.0 = Debug|Any CPU
		{0FC50393-0F98-42C8-8DC3-8F0DABD6F65F}.Release|Any CPU.ActiveCfg = Release|Any CPU
		{0FC50393-0F98-42C8-8DC3-8F0DABD6F65F}.Release|Any CPU.Build.0 = Release|Any CPU
		{8B5DFF4C-5BDE-40D5-A98D-DB97DD1BBA8D}.Debug|Any CPU.ActiveCfg = Debug|Any CPU
		{8B5DFF4C-5BDE-40D5-A98D-DB97DD1BBA8D}.Debug|Any CPU.Build.0 = Debug|Any CPU
		{8B5DFF4C-5BDE-40D5-A98D-DB97DD1BBA8D}.Release|Any CPU.ActiveCfg = Release|Any CPU
		{8B5DFF4C-5BDE-40D5-A98D-DB97DD1BBA8D}.Release|Any CPU.Build.0 = Release|Any CPU
		{A7BCC590-AF77-47B9-9C68-6F0A9557F9B2}.Debug|Any CPU.ActiveCfg = Debug|Any CPU
		{A7BCC590-AF77-47B9-9C68-6F0A9557F9B2}.Debug|Any CPU.Build.0 = Debug|Any CPU
		{A7BCC590-AF77-47B9-9C68-6F0A9557F9B2}.Release|Any CPU.ActiveCfg = Release|Any CPU
		{A7BCC590-AF77-47B9-9C68-6F0A9557F9B2}.Release|Any CPU.Build.0 = Release|Any CPU
		{DD2DC981-3E80-4273-95E8-C6474A37CE7A}.Debug|Any CPU.ActiveCfg = Debug|Any CPU
		{DD2DC981-3E80-4273-95E8-C6474A37CE7A}.Debug|Any CPU.Build.0 = Debug|Any CPU
		{DD2DC981-3E80-4273-95E8-C6474A37CE7A}.Release|Any CPU.ActiveCfg = Release|Any CPU
		{DD2DC981-3E80-4273-95E8-C6474A37CE7A}.Release|Any CPU.Build.0 = Release|Any CPU
		{0DF5BDA6-076B-4E18-AA56-2AC1FB7610FA}.Debug|Any CPU.ActiveCfg = Debug|Any CPU
		{0DF5BDA6-076B-4E18-AA56-2AC1FB7610FA}.Debug|Any CPU.Build.0 = Debug|Any CPU
		{0DF5BDA6-076B-4E18-AA56-2AC1FB7610FA}.Release|Any CPU.ActiveCfg = Release|Any CPU
		{0DF5BDA6-076B-4E18-AA56-2AC1FB7610FA}.Release|Any CPU.Build.0 = Release|Any CPU
		{22B0C599-7CE2-4F4E-81A3-FF28BB4DE564}.Debug|Any CPU.ActiveCfg = Debug|Any CPU
		{22B0C599-7CE2-4F4E-81A3-FF28BB4DE564}.Debug|Any CPU.Build.0 = Debug|Any CPU
		{22B0C599-7CE2-4F4E-81A3-FF28BB4DE564}.Release|Any CPU.ActiveCfg = Release|Any CPU
		{22B0C599-7CE2-4F4E-81A3-FF28BB4DE564}.Release|Any CPU.Build.0 = Release|Any CPU
		{80B614FF-5A6C-4901-8F62-719426583729}.Debug|Any CPU.ActiveCfg = Debug|Any CPU
		{80B614FF-5A6C-4901-8F62-719426583729}.Debug|Any CPU.Build.0 = Debug|Any CPU
		{80B614FF-5A6C-4901-8F62-719426583729}.Release|Any CPU.ActiveCfg = Release|Any CPU
		{80B614FF-5A6C-4901-8F62-719426583729}.Release|Any CPU.Build.0 = Release|Any CPU
		{CFA594F3-07DC-45A8-BEB2-1F5937F10ADC}.Debug|Any CPU.ActiveCfg = Debug|Any CPU
		{CFA594F3-07DC-45A8-BEB2-1F5937F10ADC}.Debug|Any CPU.Build.0 = Debug|Any CPU
		{CFA594F3-07DC-45A8-BEB2-1F5937F10ADC}.Release|Any CPU.ActiveCfg = Release|Any CPU
		{CFA594F3-07DC-45A8-BEB2-1F5937F10ADC}.Release|Any CPU.Build.0 = Release|Any CPU
		{5164A48D-9956-439E-B309-EA8375CD893C}.Debug|Any CPU.ActiveCfg = Debug|Any CPU
		{5164A48D-9956-439E-B309-EA8375CD893C}.Debug|Any CPU.Build.0 = Debug|Any CPU
		{5164A48D-9956-439E-B309-EA8375CD893C}.Release|Any CPU.ActiveCfg = Release|Any CPU
		{5164A48D-9956-439E-B309-EA8375CD893C}.Release|Any CPU.Build.0 = Release|Any CPU
		{21858224-1560-43EB-8A0B-740560C877A0}.Debug|Any CPU.ActiveCfg = Debug|Any CPU
		{21858224-1560-43EB-8A0B-740560C877A0}.Debug|Any CPU.Build.0 = Debug|Any CPU
		{21858224-1560-43EB-8A0B-740560C877A0}.Release|Any CPU.ActiveCfg = Release|Any CPU
		{21858224-1560-43EB-8A0B-740560C877A0}.Release|Any CPU.Build.0 = Release|Any CPU
		{6B1E2CFF-D97A-4409-9762-804329855447}.Debug|Any CPU.ActiveCfg = Debug|Any CPU
		{6B1E2CFF-D97A-4409-9762-804329855447}.Debug|Any CPU.Build.0 = Debug|Any CPU
		{6B1E2CFF-D97A-4409-9762-804329855447}.Release|Any CPU.ActiveCfg = Release|Any CPU
		{6B1E2CFF-D97A-4409-9762-804329855447}.Release|Any CPU.Build.0 = Release|Any CPU
		{FF54F392-F70F-4A3F-878D-A63BF28AC961}.Debug|Any CPU.ActiveCfg = Debug|Any CPU
		{FF54F392-F70F-4A3F-878D-A63BF28AC961}.Debug|Any CPU.Build.0 = Debug|Any CPU
		{FF54F392-F70F-4A3F-878D-A63BF28AC961}.Release|Any CPU.ActiveCfg = Release|Any CPU
		{FF54F392-F70F-4A3F-878D-A63BF28AC961}.Release|Any CPU.Build.0 = Release|Any CPU
		{2C64C824-A98C-4149-A759-F34B518AA0FC}.Debug|Any CPU.ActiveCfg = Debug|Any CPU
		{2C64C824-A98C-4149-A759-F34B518AA0FC}.Debug|Any CPU.Build.0 = Debug|Any CPU
		{2C64C824-A98C-4149-A759-F34B518AA0FC}.Release|Any CPU.ActiveCfg = Release|Any CPU
		{2C64C824-A98C-4149-A759-F34B518AA0FC}.Release|Any CPU.Build.0 = Release|Any CPU
		{FAC34834-7CD1-4502-80CF-A7988DCC963A}.Debug|Any CPU.ActiveCfg = Debug|Any CPU
		{FAC34834-7CD1-4502-80CF-A7988DCC963A}.Debug|Any CPU.Build.0 = Debug|Any CPU
		{FAC34834-7CD1-4502-80CF-A7988DCC963A}.Release|Any CPU.ActiveCfg = Release|Any CPU
		{FAC34834-7CD1-4502-80CF-A7988DCC963A}.Release|Any CPU.Build.0 = Release|Any CPU
		{F0AC90CC-C09E-4EFF-9BAB-5006B2A877D4}.Debug|Any CPU.ActiveCfg = Debug|Any CPU
		{F0AC90CC-C09E-4EFF-9BAB-5006B2A877D4}.Debug|Any CPU.Build.0 = Debug|Any CPU
		{F0AC90CC-C09E-4EFF-9BAB-5006B2A877D4}.Release|Any CPU.ActiveCfg = Release|Any CPU
		{F0AC90CC-C09E-4EFF-9BAB-5006B2A877D4}.Release|Any CPU.Build.0 = Release|Any CPU
		{2CD4042A-502B-4B74-B444-D2ECB9098E5E}.Debug|Any CPU.ActiveCfg = Debug|Any CPU
		{2CD4042A-502B-4B74-B444-D2ECB9098E5E}.Debug|Any CPU.Build.0 = Debug|Any CPU
		{2CD4042A-502B-4B74-B444-D2ECB9098E5E}.Release|Any CPU.ActiveCfg = Release|Any CPU
		{2CD4042A-502B-4B74-B444-D2ECB9098E5E}.Release|Any CPU.Build.0 = Release|Any CPU
		{464DB15B-45C9-4207-B771-C1E38CBE912E}.Debug|Any CPU.ActiveCfg = Debug|Any CPU
		{464DB15B-45C9-4207-B771-C1E38CBE912E}.Debug|Any CPU.Build.0 = Debug|Any CPU
		{464DB15B-45C9-4207-B771-C1E38CBE912E}.Release|Any CPU.ActiveCfg = Release|Any CPU
		{464DB15B-45C9-4207-B771-C1E38CBE912E}.Release|Any CPU.Build.0 = Release|Any CPU
		{2E8EBFE9-71BC-4FD0-95D1-8119B6B2B719}.Debug|Any CPU.ActiveCfg = Debug|Any CPU
		{2E8EBFE9-71BC-4FD0-95D1-8119B6B2B719}.Debug|Any CPU.Build.0 = Debug|Any CPU
		{2E8EBFE9-71BC-4FD0-95D1-8119B6B2B719}.Release|Any CPU.ActiveCfg = Release|Any CPU
		{2E8EBFE9-71BC-4FD0-95D1-8119B6B2B719}.Release|Any CPU.Build.0 = Release|Any CPU
		{7DE34922-0FCF-4CFA-BF8C-262CA9C887AA}.Debug|Any CPU.ActiveCfg = Debug|Any CPU
		{7DE34922-0FCF-4CFA-BF8C-262CA9C887AA}.Debug|Any CPU.Build.0 = Debug|Any CPU
		{7DE34922-0FCF-4CFA-BF8C-262CA9C887AA}.Release|Any CPU.ActiveCfg = Release|Any CPU
		{7DE34922-0FCF-4CFA-BF8C-262CA9C887AA}.Release|Any CPU.Build.0 = Release|Any CPU
		{B6F19D32-9F7C-4F2B-9D7E-5B3F7B0E9A11}.Debug|Any CPU.ActiveCfg = Debug|Any CPU
		{B6F19D32-9F7C-4F2B-9D7E-5B3F7B0E9A11}.Debug|Any CPU.Build.0 = Debug|Any CPU
		{B6F19D32-9F7C-4F2B-9D7E-5B3F7B0E9A11}.Release|Any CPU.ActiveCfg = Release|Any CPU
		{B6F19D32-9F7C-4F2B-9D7E-5B3F7B0E9A11}.Release|Any CPU.Build.0 = Release|Any CPU
		{C9A8E5B1-4D7E-4F92-A3B6-71F0D8C2A4F3}.Debug|Any CPU.ActiveCfg = Debug|Any CPU
		{C9A8E5B1-4D7E-4F92-A3B6-71F0D8C2A4F3}.Debug|Any CPU.Build.0 = Debug|Any CPU
		{C9A8E5B1-4D7E-4F92-A3B6-71F0D8C2A4F3}.Release|Any CPU.ActiveCfg = Release|Any CPU
		{C9A8E5B1-4D7E-4F92-A3B6-71F0D8C2A4F3}.Release|Any CPU.Build.0 = Release|Any CPU
		{D2B9F4A0-83C5-4E1A-9B7F-A52F4D9B2E81}.Debug|Any CPU.ActiveCfg = Debug|Any CPU
		{D2B9F4A0-83C5-4E1A-9B7F-A52F4D9B2E81}.Debug|Any CPU.Build.0 = Debug|Any CPU
		{D2B9F4A0-83C5-4E1A-9B7F-A52F4D9B2E81}.Release|Any CPU.ActiveCfg = Release|Any CPU
		{D2B9F4A0-83C5-4E1A-9B7F-A52F4D9B2E81}.Release|Any CPU.Build.0 = Release|Any CPU
	EndGlobalSection
	GlobalSection(SolutionProperties) = preSolution
		HideSolutionNode = FALSE
	EndGlobalSection
EndGlobal
