{
  "version": 2,
  "dependencies": {
    "net10.0": {
      "FluentModbus": {
        "type": "Direct",
        "requested": "[5.3.2, )",
        "resolved": "5.3.2",
        "contentHash": "uAX793yttHSH5vdbOTg8+QnLDuqWCuuBDbtEBrlXNLNXh+J1AqPo6vxd77OTxInoLayEBvI2k6UaYVeBjROrvg==",
        "dependencies": {
          "Microsoft.Extensions.Logging.Abstractions": "5.0.0",
          "System.IO.Ports": "5.0.0"
        }
      },
      "Microsoft.Extensions.DependencyInjection.Abstractions": {
        "type": "Direct",
        "requested": "[10.0.0, )",
        "resolved": "10.0.0",
        "contentHash": "L3AdmZ1WOK4XXT5YFPEwyt0ep6l8lGIPs7F5OOBZc77Zqeo01Of7XXICy47628sdVl0v/owxYJTe86DTgFwKCA=="
      },
      "runtime.linux-arm.runtime.native.System.IO.Ports": {
        "type": "Transitive",
        "resolved": "5.0.0-rtm.20519.4",
        "contentHash": "Np6w3r1dSFB930GGZHIKCc5ZClRXZIqOrCAT0pzcd/zXnsZPvGqLZB1MnxAbVhvriJl71B0N0tJaaT1ICWXsyg=="
      },
      "runtime.linux-arm64.runtime.native.System.IO.Ports": {
        "type": "Transitive",
        "resolved": "5.0.0-rtm.20519.4",
        "contentHash": "VnGZmQ7pzMNkcTVdmGtXUQIbytK4Xk8F4/mxm0I+n7zbrsW/WNgLrWMTv9pb2Uyq09azXazNDQhZao4R4ebWcw=="
      },
      "runtime.linux-x64.runtime.native.System.IO.Ports": {
        "type": "Transitive",
        "resolved": "5.0.0-rtm.20519.4",
        "contentHash": "kvMZgZjtcC6cA8Y8imKpjCpiOJKDtwlNekS86GzUol4Jmzh0FWiRwAj4E9ZKO8R7rTBGIA4rkmra9Ko8j7l6AA=="
      },
      "runtime.native.System.IO.Ports": {
        "type": "Transitive",
        "resolved": "5.0.0",
        "contentHash": "ME+/evR+UxVlWyGHUlLBoNTnsTdaylMbnvVwOp0Nl6XIZGGyXdqJqjlEew7e6TcKkJAA0lljhjKi3Kie+vzQ7g==",
        "dependencies": {
          "runtime.linux-arm.runtime.native.System.IO.Ports": "5.0.0-rtm.20519.4",
          "runtime.linux-arm64.runtime.native.System.IO.Ports": "5.0.0-rtm.20519.4",
          "runtime.linux-x64.runtime.native.System.IO.Ports": "5.0.0-rtm.20519.4",
          "runtime.osx-x64.runtime.native.System.IO.Ports": "5.0.0-rtm.20519.4"
        }
      },
      "runtime.osx-x64.runtime.native.System.IO.Ports": {
        "type": "Transitive",
        "resolved": "5.0.0-rtm.20519.4",
        "contentHash": "N+dbbqhT7JBnPVHa7n2+Z5fHYO4a4UUhm7cQkbuQQoNkjbxLpxYnQ4lpRjr1RuQptqYkPmunKvN5etdFOObaiw=="
      },
      "System.IO.Ports": {
        "type": "Transitive",
        "resolved": "5.0.0",
        "contentHash": "MZY/0cgRg5bcuvHR4LKHqWnlxWV7GkoTgBaOdwIoWGZKsfSBC1twDz+BzG0o1Rk46WdRhhV30E2qzsBABHwGUA==",
        "dependencies": {
          "runtime.native.System.IO.Ports": "5.0.0"
        }
      },
      "batteryems.application": {
        "type": "Project",
        "dependencies": {
          "BatteryEms.Domain": "[1.0.0, )",
          "Microsoft.Extensions.Logging.Abstractions": "[10.0.0, )"
        }
      },
      "batteryems.domain": {
        "type": "Project"
      },
      "Microsoft.Extensions.Logging.Abstractions": {
        "type": "CentralTransitive",
        "requested": "[10.0.0, )",
        "resolved": "10.0.0",
        "contentHash": "FU/IfjDfwaMuKr414SSQNTIti/69bHEMb+QKrskRb26oVqpx3lNFXMjs/RC9ZUuhBhcwDM2BwOgoMw+PZ+beqQ==",
        "dependencies": {
          "Microsoft.Extensions.DependencyInjection.Abstractions": "10.0.0"
        }
      }
    }
  }
}