{
  "version": 2,
  "dependencies": {
    "net10.0": {
      "Google.Protobuf": {
        "type": "Direct",
        "requested": "[3.33.1, )",
        "resolved": "3.33.1",
        "contentHash": "RztiFmX9aOWDwfhxFzx/nS4fjs4DX7ZC7/XBEBl56k15lPGBftvbSwZkeo1mMCJHrNp1kK5iQYrFXB4MqCmBCA=="
      },
      "Grpc.Net.Client": {
        "type": "Direct",
        "requested": "[2.71.0, )",
        "resolved": "2.71.0",
        "contentHash": "U1vr20r5ngoT9nlb7wejF28EKN+taMhJsV9XtK9MkiepTZwnKxxiarriiMfCHuDAfPUm9XUjFMn/RIuJ4YY61w==",
        "dependencies": {
          "Grpc.Net.Common": "2.71.0",
          "Microsoft.Extensions.Logging.Abstractions": "6.0.0"
        }
      },
      "Grpc.Tools": {
        "type": "Direct",
        "requested": "[2.71.0, )",
        "resolved": "2.71.0",
        "contentHash": "r8zHZm7kHdMrtujnkcuQ0BNDH2969at/8Va1ZzQgVblaQzR7tm8JlA3G+5Z5IFbvvf9PcAr1/VcoSR+g7j4Nyw=="
      },
      "Microsoft.Extensions.DependencyInjection.Abstractions": {
        "type": "Direct",
        "requested": "[10.0.7, )",
        "resolved": "10.0.7",
        "contentHash": "Z6mfFEaFcwCfSboxJwOLfu7/31npCY9q70WUamHW/vRQhDvBKOT4Vf9YkZj5J6hLvJpb0oDEYfHunQZj0xxvKw=="
      },
      "Microsoft.Extensions.Logging.Abstractions": {
        "type": "Direct",
        "requested": "[10.0.7, )",
        "resolved": "10.0.7",
        "contentHash": "tIEcQ2gvERrH2KiCjdsVcHGhXt9lIsuDStfOIeZWr7/fP8IXhGiYfx0/80PNI7WPO2IYuFtlZLSlnTS8+/Mchw==",
        "dependencies": {
          "Microsoft.Extensions.DependencyInjection.Abstractions": "10.0.7"
        }
      },
      "Grpc.Core.Api": {
        "type": "Transitive",
        "resolved": "2.71.0",
        "contentHash": "QquqUC37yxsDzd1QaDRsH2+uuznWPTS8CVE2Yzwl3CvU4geTNkolQXoVN812M2IwT6zpv3jsZRc9ExJFNFslTg=="
      },
      "Grpc.Net.Common": {
        "type": "Transitive",
        "resolved": "2.71.0",
        "contentHash": "v0c8R97TwRYwNXlC8GyRXwYTCNufpDfUtj9la+wUrZFzVWkFJuNAltU+c0yI3zu0jl54k7en6u2WKgZgd57r2Q==",
        "dependencies": {
          "Grpc.Core.Api": "2.71.0"
        }
      },
      "batteryems.application": {
        "type": "Project",
        "dependencies": {
          "BatteryEms.Domain": "[1.0.0, )",
          "Microsoft.Extensions.Logging.Abstractions": "[10.0.7, )"
        }
      },
      "batteryems.domain": {
        "type": "Project"
      }
    }
  }
}