{
  "version": 2,
  "dependencies": {
    "net10.0": {
      "prometheus-net.AspNetCore": {
        "type": "Direct",
        "requested": "[8.2.1, )",
        "resolved": "8.2.1",
        "contentHash": "/4TfTvbwIDqpaKTiWvEsjUywiHYF9zZvGZF5sK15avoDsUO/WPQbKsF8TiMaesuphdFQPK2z52P0zk6j26V0rQ==",
        "dependencies": {
          "prometheus-net": "8.2.1"
        }
      },
      "Google.OrTools.runtime.linux-arm64": {
        "type": "Transitive",
        "resolved": "9.11.4210",
        "contentHash": "8+4Y0EFZg1p0mI+X9dioyuNZN80OHzOUW2ZOulkfbbQsPSduT0hZGpydTBn+t9ONOznWFWSmCqhv6JxD8Qs9zw=="
      },
      "Google.OrTools.runtime.linux-x64": {
        "type": "Transitive",
        "resolved": "9.11.4210",
        "contentHash": "zfDb6GVs2OfEFoin1t0NfbPu52Sv5xFh4EEBwU+mD0OGplHIlDE2K0MK8PL8wMh4aUQz3zWcHbjFAwisX60wiw=="
      },
      "Google.OrTools.runtime.osx-arm64": {
        "type": "Transitive",
        "resolved": "9.11.4210",
        "contentHash": "uIqvHvxYL3sVQWr5/N/8XMM6RMhOgWzr4z6GozJSPRbSrAE0IO5zB/inv3MPt2+U9JRQW9ogGp+5dkU0oLaU1Q=="
      },
      "Google.OrTools.runtime.osx-x64": {
        "type": "Transitive",
        "resolved": "9.11.4210",
        "contentHash": "9+Ypa2QbqcC5UU7Z8Ruh1t2i5VKayQ5e2w/jqfxSxYVkVJOrhoOaMwKHPhGstWI+CljSQKCxc0I6lEiScL3+RA=="
      },
      "Google.OrTools.runtime.win-x64": {
        "type": "Transitive",
        "resolved": "9.11.4210",
        "contentHash": "gs01iumgpIqgdHiWW3H4vCsgBQF1L0U+eAAi5FNO7gtHqqVZr/23vIzXsN6UKdLbb6qnctczB2qSuWRnBTL9XQ=="
      },
      "Google.Protobuf": {
        "type": "Transitive",
        "resolved": "3.26.1",
        "contentHash": "CHZX8zXqhF/fdUtd+AYzew8T2HFkAoe5c7lbGxZY/qryAlQXckDvM5BfOJjXlMS7kyICqQTMszj4w1bX5uBJ/w=="
      },
      "Humanizer.Core": {
        "type": "Transitive",
        "resolved": "2.14.1",
        "contentHash": "lQKvtaTDOXnoVJ20ibTuSIOf2i0uO0MPbDhd1jm238I+U/2ZnRENj0cktKZhtchBMtCUSRQ5v4xBCUbKNmyVMw=="
      },
      "Json.More.Net": {
        "type": "Transitive",
        "resolved": "2.1.1",
        "contentHash": "ZXAKl2VsdnIZeUo1PFII3Oi1m1L4YQjEyDjygHfHln5vgsjgIo749X6xWkv7qFYp8RROES+vOEfDcvvoVgs8kA=="
      },
      "JsonPointer.Net": {
        "type": "Transitive",
        "resolved": "5.3.1",
        "contentHash": "3e2OJjU0OaE26XC/klgxbJuXvteFWTDJIJv0ITYWcJEoskq7jzUwPSC1s0iz4wPPQnfN7vwwFmg2gJfwRAPwgw==",
        "dependencies": {
          "Humanizer.Core": "2.14.1",
          "Json.More.Net": "2.1.1"
        }
      },
      "Microsoft.OpenApi": {
        "type": "Transitive",
        "resolved": "2.0.0",
        "contentHash": "GGYLfzV/G/ct80OZ45JxnWP7NvMX1BCugn/lX7TH5o0lcVaviavsLMTxmFV2AybXWjbi3h6FF1vgZiTK6PXndw=="
      },
      "prometheus-net": {
        "type": "Transitive",
        "resolved": "8.2.1",
        "contentHash": "3wVgdEPOCBF752s2xps5T+VH+c9mJK8S8GKEDg49084P6JZMumTZI5Te6aJ9MQpX0sx7om6JOnBpIi7ZBmmiDQ=="
      },
      "runtime.linux-arm.runtime.native.System.IO.Ports": {
        "type": "Transitive",
        "resolved": "5.0.0-rtm.20519.4",
        "contentHash": "Np6w3r1dSFB930GGZHIKCc5ZClRXZIqOrCAT0pzcd/zXnsZPvGqLZB1MnxAbVhvriJl71B0N0tJaaT1ICWXsyg=="
      },
      "runtime.linux-arm64.runtime.native.System.IO.Ports": {
        "type": "Transitive",
        "resolved": "5.0.0-rtm.20519.4",
        "contentHash": "VnGZmQ7pzMNkcTVdmGtXUQIbytK4Xk8F4/mxm0I+n7zbrsW/WNgLrWMTv9pb2Uyq09azXazNDQhZao4R4ebWcw=="
      },
      "runtime.linux-x64.runtime.native.System.IO.Ports": {
        "type": "Transitive",
        "resolved": "5.0.0-rtm.20519.4",
        "contentHash": "kvMZgZjtcC6cA8Y8imKpjCpiOJKDtwlNekS86GzUol4Jmzh0FWiRwAj4E9ZKO8R7rTBGIA4rkmra9Ko8j7l6AA=="
      },
      "runtime.native.System.IO.Ports": {
        "type": "Transitive",
        "resolved": "5.0.0",
        "contentHash": "ME+/evR+UxVlWyGHUlLBoNTnsTdaylMbnvVwOp0Nl6XIZGGyXdqJqjlEew7e6TcKkJAA0lljhjKi3Kie+vzQ7g==",
        "dependencies": {
          "runtime.linux-arm.runtime.native.System.IO.Ports": "5.0.0-rtm.20519.4",
          "runtime.linux-arm64.runtime.native.System.IO.Ports": "5.0.0-rtm.20519.4",
          "runtime.linux-x64.runtime.native.System.IO.Ports": "5.0.0-rtm.20519.4",
          "runtime.osx-x64.runtime.native.System.IO.Ports": "5.0.0-rtm.20519.4"
        }
      },
      "runtime.osx-x64.runtime.native.System.IO.Ports": {
        "type": "Transitive",
        "resolved": "5.0.0-rtm.20519.4",
        "contentHash": "N+dbbqhT7JBnPVHa7n2+Z5fHYO4a4UUhm7cQkbuQQoNkjbxLpxYnQ4lpRjr1RuQptqYkPmunKvN5etdFOObaiw=="
      },
      "System.IO.Ports": {
        "type": "Transitive",
        "resolved": "5.0.0",
        "contentHash": "MZY/0cgRg5bcuvHR4LKHqWnlxWV7GkoTgBaOdwIoWGZKsfSBC1twDz+BzG0o1Rk46WdRhhV30E2qzsBABHwGUA==",
        "dependencies": {
          "runtime.native.System.IO.Ports": "5.0.0"
        }
      },
      "batteryems.adapters.modbus": {
        "type": "Project",
        "dependencies": {
          "BatteryEms.Application": "[1.0.0, )",
          "BatteryEms.Domain": "[1.0.0, )",
          "FluentModbus": "[5.3.2, )"
        }
      },
      "batteryems.adapters.mqtt": {
        "type": "Project",
        "dependencies": {
          "BatteryEms.Application": "[1.0.0, )",
          "BatteryEms.Domain": "[1.0.0, )",
          "MQTTnet": "[4.3.7.1207, )"
        }
      },
      "batteryems.adapters.optimization": {
        "type": "Project",
        "dependencies": {
          "BatteryEms.Application": "[1.0.0, )",
          "BatteryEms.Domain": "[1.0.0, )",
          "Google.OrTools": "[9.11.4210, )"
        }
      },
      "batteryems.adapters.persistence": {
        "type": "Project",
        "dependencies": {
          "BatteryEms.Application": "[1.0.0, )",
          "BatteryEms.Domain": "[1.0.0, )",
          "Dapper": "[2.1.66, )",
          "Npgsql": "[9.0.4, )"
        }
      },
      "batteryems.adapters.telemetry": {
        "type": "Project",
        "dependencies": {
          "BatteryEms.Application": "[1.0.0, )",
          "BatteryEms.Domain": "[1.0.0, )",
          "prometheus-net.AspNetCore": "[8.2.1, )"
        }
      },
      "batteryems.api": {
        "type": "Project",
        "dependencies": {
          "BatteryEms.Application": "[1.0.0, )",
          "BatteryEms.Domain": "[1.0.0, )",
          "Microsoft.AspNetCore.OpenApi": "[10.0.0, )",
          "prometheus-net.AspNetCore": "[8.2.1, )"
        }
      },
      "batteryems.application": {
        "type": "Project",
        "dependencies": {
          "BatteryEms.Domain": "[1.0.0, )"
        }
      },
      "batteryems.domain": {
        "type": "Project"
      },
      "batteryems.infrastructure": {
        "type": "Project",
        "dependencies": {
          "BatteryEms.Adapters.Modbus": "[1.0.0, )",
          "BatteryEms.Adapters.Mqtt": "[1.0.0, )",
          "BatteryEms.Adapters.Optimization": "[1.0.0, )",
          "BatteryEms.Adapters.Persistence": "[1.0.0, )",
          "BatteryEms.Adapters.Telemetry": "[1.0.0, )",
          "BatteryEms.Api": "[1.0.0, )",
          "BatteryEms.Application": "[1.0.0, )",
          "BatteryEms.Domain": "[1.0.0, )",
          "BatteryEms.Worker": "[1.0.0, )",
          "JsonSchema.Net": "[7.3.4, )"
        }
      },
      "batteryems.worker": {
        "type": "Project",
        "dependencies": {
          "BatteryEms.Application": "[1.0.0, )",
          "BatteryEms.Domain": "[1.0.0, )"
        }
      },
      "Dapper": {
        "type": "CentralTransitive",
        "requested": "[2.1.66, )",
        "resolved": "2.1.66",
        "contentHash": "/q77jUgDOS+bzkmk3Vy9SiWMaetTw+NOoPAV0xPBsGVAyljd5S6P+4RUW7R3ZUGGr9lDRyPKgAMj2UAOwvqZYw=="
      },
      "FluentModbus": {
        "type": "CentralTransitive",
        "requested": "[5.3.2, )",
        "resolved": "5.3.2",
        "contentHash": "uAX793yttHSH5vdbOTg8+QnLDuqWCuuBDbtEBrlXNLNXh+J1AqPo6vxd77OTxInoLayEBvI2k6UaYVeBjROrvg==",
        "dependencies": {
          "System.IO.Ports": "5.0.0"
        }
      },
      "Google.OrTools": {
        "type": "CentralTransitive",
        "requested": "[9.11.4210, )",
        "resolved": "9.11.4210",
        "contentHash": "iZ39D66o0lD8H4Jujf+3TRj4jdMPiYB0m0Ae+Az4rtG9llxteB5Ie/rOC0zGDd85cHrPalS7PPwD3xEP1XgZhg==",
        "dependencies": {
          "Google.OrTools.runtime.linux-arm64": "9.11.4210",
          "Google.OrTools.runtime.linux-x64": "9.11.4210",
          "Google.OrTools.runtime.osx-arm64": "9.11.4210",
          "Google.OrTools.runtime.osx-x64": "9.11.4210",
          "Google.OrTools.runtime.win-x64": "9.11.4210",
          "Google.Protobuf": "3.26.1"
        }
      },
      "JsonSchema.Net": {
        "type": "CentralTransitive",
        "requested": "[7.3.4, )",
        "resolved": "7.3.4",
        "contentHash": "7GggWrdzKrtGWETRn3dcMnmuLSyWaDkBK94TK80LEHQEVz4bmsQc7FYO7qL40RDdZU2YPz5d98aT9lW5OYExuA==",
        "dependencies": {
          "JsonPointer.Net": "5.3.1"
        }
      },
      "Microsoft.AspNetCore.OpenApi": {
        "type": "CentralTransitive",
        "requested": "[10.0.0, )",
        "resolved": "10.0.0",
        "contentHash": "0aqIF1t+sA2T62LIeMtXGSiaV7keGQaJnvwwmu+htQdjCaKYARfXAeqp4nHH9y2etpilyZ/tnQzZg4Ilmo/c4Q==",
        "dependencies": {
          "Microsoft.OpenApi": "2.0.0"
        }
      },
      "MQTTnet": {
        "type": "CentralTransitive",
        "requested": "[4.3.7.1207, )",
        "resolved": "4.3.7.1207",
        "contentHash": "ah7aHXoedWp5m5a4zy2u4phOEVj0QFYzOb5tFKQeV8RRBrxp+1QREF4ymZuG8D+hzB2dhtrrG81WxTFv0PzOeQ=="
      },
      "Npgsql": {
        "type": "CentralTransitive",
        "requested": "[9.0.4, )",
        "resolved": "9.0.4",
        "contentHash": "68BASXH0FAEuL/J4J0eRfYC8/3vzqQTmoW8zDzNf0JgaVxc7LZeEkS6jaG0ib3voFLxY5ZiCwJG+uQM+mzuu0Q=="
      }
    }
  }
}